// !$*UTF8*$!
{
	archiveVersion = 1;
	classes = {
	};
	objectVersion = 46;
	objects = {

/* Begin PBXBuildFile section */
		E79B9C6D1981969700CA0419 /* Foundation.framework in Frameworks */ = {isa = PBXBuildFile; fileRef = E79B9C6C1981969700CA0419 /* Foundation.framework */; };
		E79B9C6F1981969700CA0419 /* CoreGraphics.framework in Frameworks */ = {isa = PBXBuildFile; fileRef = E79B9C6E1981969700CA0419 /* CoreGraphics.framework */; };
		E79B9C711981969700CA0419 /* UIKit.framework in Frameworks */ = {isa = PBXBuildFile; fileRef = E79B9C701981969700CA0419 /* UIKit.framework */; };
		E79B9C771981969700CA0419 /* InfoPlist.strings in Resources */ = {isa = PBXBuildFile; fileRef = E79B9C751981969700CA0419 /* InfoPlist.strings */; };
		E79B9C791981969700CA0419 /* main.m in Sources */ = {isa = PBXBuildFile; fileRef = E79B9C781981969700CA0419 /* main.m */; };
		E79B9C7D1981969700CA0419 /* AppDelegate.m in Sources */ = {isa = PBXBuildFile; fileRef = E79B9C7C1981969700CA0419 /* AppDelegate.m */; };
		E79B9C801981969700CA0419 /* Main_iPhone.storyboard in Resources */ = {isa = PBXBuildFile; fileRef = E79B9C7E1981969700CA0419 /* Main_iPhone.storyboard */; };
		E79B9C831981969700CA0419 /* Main_iPad.storyboard in Resources */ = {isa = PBXBuildFile; fileRef = E79B9C811981969700CA0419 /* Main_iPad.storyboard */; };
		E79B9C8B1981969700CA0419 /* Images.xcassets in Resources */ = {isa = PBXBuildFile; fileRef = E79B9C8A1981969700CA0419 /* Images.xcassets */; };
		E79B9C921981969700CA0419 /* XCTest.framework in Frameworks */ = {isa = PBXBuildFile; fileRef = E79B9C911981969700CA0419 /* XCTest.framework */; };
		E79B9C931981969700CA0419 /* Foundation.framework in Frameworks */ = {isa = PBXBuildFile; fileRef = E79B9C6C1981969700CA0419 /* Foundation.framework */; };
		E79B9C941981969700CA0419 /* UIKit.framework in Frameworks */ = {isa = PBXBuildFile; fileRef = E79B9C701981969700CA0419 /* UIKit.framework */; };
		E79B9C9C1981969700CA0419 /* InfoPlist.strings in Resources */ = {isa = PBXBuildFile; fileRef = E79B9C9A1981969700CA0419 /* InfoPlist.strings */; };
		E79B9C9E1981969700CA0419 /* BraggyTests.m in Sources */ = {isa = PBXBuildFile; fileRef = E79B9C9D1981969700CA0419 /* BraggyTests.m */; };
		E79B9CAA198197FD00CA0419 /* RecentsViewController.m in Sources */ = {isa = PBXBuildFile; fileRef = E79B9CA9198197FD00CA0419 /* RecentsViewController.m */; };
		E79B9CAD1981981300CA0419 /* FavoritesViewController.m in Sources */ = {isa = PBXBuildFile; fileRef = E79B9CAC1981981300CA0419 /* FavoritesViewController.m */; };
		E79B9CB01981986300CA0419 /* FeaturedViewController.m in Sources */ = {isa = PBXBuildFile; fileRef = E79B9CAF1981986300CA0419 /* FeaturedViewController.m */; };
		E79B9CB3198199CD00CA0419 /* PhotosViewController.m in Sources */ = {isa = PBXBuildFile; fileRef = E79B9CB2198199CD00CA0419 /* PhotosViewController.m */; };
		E79B9CB51981A4FE00CA0419 /* CoreImage.framework in Frameworks */ = {isa = PBXBuildFile; fileRef = E79B9CB41981A4FE00CA0419 /* CoreImage.framework */; };
		E79B9CB81981A61400CA0419 /* test1.png in Resources */ = {isa = PBXBuildFile; fileRef = E79B9CB71981A61400CA0419 /* test1.png */; };
/* End PBXBuildFile section */

/* Begin PBXContainerItemProxy section */
		E79B9C951981969700CA0419 /* PBXContainerItemProxy */ = {
			isa = PBXContainerItemProxy;
			containerPortal = E79B9C611981969700CA0419 /* Project object */;
			proxyType = 1;
			remoteGlobalIDString = E79B9C681981969700CA0419;
			remoteInfo = Braggy;
		};
/* End PBXContainerItemProxy section */

/* Begin PBXFileReference section */
		E79B9C691981969700CA0419 /* Braggy.app */ = {isa = PBXFileReference; explicitFileType = wrapper.application; includeInIndex = 0; path = Braggy.app; sourceTree = BUILT_PRODUCTS_DIR; };
		E79B9C6C1981969700CA0419 /* Foundation.framework */ = {isa = PBXFileReference; lastKnownFileType = wrapper.framework; name = Foundation.framework; path = System/Library/Frameworks/Foundation.framework; sourceTree = SDKROOT; };
		E79B9C6E1981969700CA0419 /* CoreGraphics.framework */ = {isa = PBXFileReference; lastKnownFileType = wrapper.framework; name = CoreGraphics.framework; path = System/Library/Frameworks/CoreGraphics.framework; sourceTree = SDKROOT; };
		E79B9C701981969700CA0419 /* UIKit.framework */ = {isa = PBXFileReference; lastKnownFileType = wrapper.framework; name = UIKit.framework; path = System/Library/Frameworks/UIKit.framework; sourceTree = SDKROOT; };
		E79B9C741981969700CA0419 /* Braggy-Info.plist */ = {isa = PBXFileReference; lastKnownFileType = text.plist.xml; path = "Braggy-Info.plist"; sourceTree = "<group>"; };
		E79B9C761981969700CA0419 /* en */ = {isa = PBXFileReference; lastKnownFileType = text.plist.strings; name = en; path = en.lproj/InfoPlist.strings; sourceTree = "<group>"; };
		E79B9C781981969700CA0419 /* main.m */ = {isa = PBXFileReference; lastKnownFileType = sourcecode.c.objc; path = main.m; sourceTree = "<group>"; };
		E79B9C7A1981969700CA0419 /* Braggy-Prefix.pch */ = {isa = PBXFileReference; lastKnownFileType = sourcecode.c.h; path = "Braggy-Prefix.pch"; sourceTree = "<group>"; };
		E79B9C7B1981969700CA0419 /* AppDelegate.h */ = {isa = PBXFileReference; lastKnownFileType = sourcecode.c.h; path = AppDelegate.h; sourceTree = "<group>"; };
		E79B9C7C1981969700CA0419 /* AppDelegate.m */ = {isa = PBXFileReference; lastKnownFileType = sourcecode.c.objc; path = AppDelegate.m; sourceTree = "<group>"; };
		E79B9C7F1981969700CA0419 /* Base */ = {isa = PBXFileReference; lastKnownFileType = file.storyboard; name = Base; path = Base.lproj/Main_iPhone.storyboard; sourceTree = "<group>"; };
		E79B9C821981969700CA0419 /* Base */ = {isa = PBXFileReference; lastKnownFileType = file.storyboard; name = Base; path = Base.lproj/Main_iPad.storyboard; sourceTree = "<group>"; };
		E79B9C8A1981969700CA0419 /* Images.xcassets */ = {isa = PBXFileReference; lastKnownFileType = folder.assetcatalog; path = Images.xcassets; sourceTree = "<group>"; };
		E79B9C901981969700CA0419 /* BraggyTests.xctest */ = {isa = PBXFileReference; explicitFileType = wrapper.cfbundle; includeInIndex = 0; path = BraggyTests.xctest; sourceTree = BUILT_PRODUCTS_DIR; };
		E79B9C911981969700CA0419 /* XCTest.framework */ = {isa = PBXFileReference; lastKnownFileType = wrapper.framework; name = XCTest.framework; path = Library/Frameworks/XCTest.framework; sourceTree = DEVELOPER_DIR; };
		E79B9C991981969700CA0419 /* BraggyTests-Info.plist */ = {isa = PBXFileReference; lastKnownFileType = text.plist.xml; path = "BraggyTests-Info.plist"; sourceTree = "<group>"; };
		E79B9C9B1981969700CA0419 /* en */ = {isa = PBXFileReference; lastKnownFileType = text.plist.strings; name = en; path = en.lproj/InfoPlist.strings; sourceTree = "<group>"; };
		E79B9C9D1981969700CA0419 /* BraggyTests.m */ = {isa = PBXFileReference; lastKnownFileType = sourcecode.c.objc; path = BraggyTests.m; sourceTree = "<group>"; };
		E79B9CA8198197FD00CA0419 /* RecentsViewController.h */ = {isa = PBXFileReference; fileEncoding = 4; lastKnownFileType = sourcecode.c.h; name = RecentsViewController.h; path = TabViews/RecentsViewController.h; sourceTree = "<group>"; };
		E79B9CA9198197FD00CA0419 /* RecentsViewController.m */ = {isa = PBXFileReference; fileEncoding = 4; lastKnownFileType = sourcecode.c.objc; name = RecentsViewController.m; path = TabViews/RecentsViewController.m; sourceTree = "<group>"; };
		E79B9CAB1981981300CA0419 /* FavoritesViewController.h */ = {isa = PBXFileReference; fileEncoding = 4; lastKnownFileType = sourcecode.c.h; name = FavoritesViewController.h; path = TabViews/FavoritesViewController.h; sourceTree = "<group>"; };
		E79B9CAC1981981300CA0419 /* FavoritesViewController.m */ = {isa = PBXFileReference; fileEncoding = 4; lastKnownFileType = sourcecode.c.objc; name = FavoritesViewController.m; path = TabViews/FavoritesViewController.m; sourceTree = "<group>"; };
		E79B9CAE1981986300CA0419 /* FeaturedViewController.h */ = {isa = PBXFileReference; fileEncoding = 4; lastKnownFileType = sourcecode.c.h; name = FeaturedViewController.h; path = TabViews/FeaturedViewController.h; sourceTree = "<group>"; };
		E79B9CAF1981986300CA0419 /* FeaturedViewController.m */ = {isa = PBXFileReference; fileEncoding = 4; lastKnownFileType = sourcecode.c.objc; name = FeaturedViewController.m; path = TabViews/FeaturedViewController.m; sourceTree = "<group>"; };
		E79B9CB1198199CD00CA0419 /* PhotosViewController.h */ = {isa = PBXFileReference; fileEncoding = 4; lastKnownFileType = sourcecode.c.h; name = PhotosViewController.h; path = TabViews/PhotosViewController.h; sourceTree = "<group>"; };
		E79B9CB2198199CD00CA0419 /* PhotosViewController.m */ = {isa = PBXFileReference; fileEncoding = 4; lastKnownFileType = sourcecode.c.objc; name = PhotosViewController.m; path = TabViews/PhotosViewController.m; sourceTree = "<group>"; };
		E79B9CB41981A4FE00CA0419 /* CoreImage.framework */ = {isa = PBXFileReference; lastKnownFileType = wrapper.framework; name = CoreImage.framework; path = System/Library/Frameworks/CoreImage.framework; sourceTree = SDKROOT; };
		E79B9CB71981A61400CA0419 /* test1.png */ = {isa = PBXFileReference; lastKnownFileType = image.png; name = test1.png; path = ../../../Desktop/test1.png; sourceTree = "<group>"; };
/* End PBXFileReference section */

/* Begin PBXFrameworksBuildPhase section */
		E79B9C661981969700CA0419 /* Frameworks */ = {
			isa = PBXFrameworksBuildPhase;
			buildActionMask = 2147483647;
			files = (
				E79B9CB51981A4FE00CA0419 /* CoreImage.framework in Frameworks */,
				E79B9C6F1981969700CA0419 /* CoreGraphics.framework in Frameworks */,
				E79B9C711981969700CA0419 /* UIKit.framework in Frameworks */,
				E79B9C6D1981969700CA0419 /* Foundation.framework in Frameworks */,
			);
			runOnlyForDeploymentPostprocessing = 0;
		};
		E79B9C8D1981969700CA0419 /* Frameworks */ = {
			isa = PBXFrameworksBuildPhase;
			buildActionMask = 2147483647;
			files = (
				E79B9C921981969700CA0419 /* XCTest.framework in Frameworks */,
				E79B9C941981969700CA0419 /* UIKit.framework in Frameworks */,
				E79B9C931981969700CA0419 /* Foundation.framework in Frameworks */,
			);
			runOnlyForDeploymentPostprocessing = 0;
		};
/* End PBXFrameworksBuildPhase section */

/* Begin PBXGroup section */
		E79B9C601981969700CA0419 = {
			isa = PBXGroup;
			children = (
				E79B9C721981969700CA0419 /* Braggy */,
				E79B9C971981969700CA0419 /* BraggyTests */,
				E79B9C6B1981969700CA0419 /* Frameworks */,
				E79B9C6A1981969700CA0419 /* Products */,
			);
			sourceTree = "<group>";
		};
		E79B9C6A1981969700CA0419 /* Products */ = {
			isa = PBXGroup;
			children = (
				E79B9C691981969700CA0419 /* Braggy.app */,
				E79B9C901981969700CA0419 /* BraggyTests.xctest */,
			);
			name = Products;
			sourceTree = "<group>";
		};
		E79B9C6B1981969700CA0419 /* Frameworks */ = {
			isa = PBXGroup;
			children = (
				E79B9CB41981A4FE00CA0419 /* CoreImage.framework */,
				E79B9C6C1981969700CA0419 /* Foundation.framework */,
				E79B9C6E1981969700CA0419 /* CoreGraphics.framework */,
				E79B9C701981969700CA0419 /* UIKit.framework */,
				E79B9C911981969700CA0419 /* XCTest.framework */,
			);
			name = Frameworks;
			sourceTree = "<group>";
		};
		E79B9C721981969700CA0419 /* Braggy */ = {
			isa = PBXGroup;
			children = (
				E79B9CB61981A51800CA0419 /* images */,
				E79B9CA7198197AB00CA0419 /* TabViews */,
				E79B9C7B1981969700CA0419 /* AppDelegate.h */,
				E79B9C7C1981969700CA0419 /* AppDelegate.m */,
				E79B9C7E1981969700CA0419 /* Main_iPhone.storyboard */,
				E79B9C811981969700CA0419 /* Main_iPad.storyboard */,
				E79B9C8A1981969700CA0419 /* Images.xcassets */,
				E79B9C731981969700CA0419 /* Supporting Files */,
			);
			path = Braggy;
			sourceTree = "<group>";
		};
		E79B9C731981969700CA0419 /* Supporting Files */ = {
			isa = PBXGroup;
			children = (
				E79B9C741981969700CA0419 /* Braggy-Info.plist */,
				E79B9C751981969700CA0419 /* InfoPlist.strings */,
				E79B9C781981969700CA0419 /* main.m */,
				E79B9C7A1981969700CA0419 /* Braggy-Prefix.pch */,
			);
			name = "Supporting Files";
			sourceTree = "<group>";
		};
		E79B9C971981969700CA0419 /* BraggyTests */ = {
			isa = PBXGroup;
			children = (
				E79B9C9D1981969700CA0419 /* BraggyTests.m */,
				E79B9C981981969700CA0419 /* Supporting Files */,
			);
			path = BraggyTests;
			sourceTree = "<group>";
		};
		E79B9C981981969700CA0419 /* Supporting Files */ = {
			isa = PBXGroup;
			children = (
				E79B9C991981969700CA0419 /* BraggyTests-Info.plist */,
				E79B9C9A1981969700CA0419 /* InfoPlist.strings */,
			);
			name = "Supporting Files";
			sourceTree = "<group>";
		};
		E79B9CA7198197AB00CA0419 /* TabViews */ = {
			isa = PBXGroup;
			children = (
				E79B9CA8198197FD00CA0419 /* RecentsViewController.h */,
				E79B9CA9198197FD00CA0419 /* RecentsViewController.m */,
				E79B9CAB1981981300CA0419 /* FavoritesViewController.h */,
				E79B9CAC1981981300CA0419 /* FavoritesViewController.m */,
				E79B9CAE1981986300CA0419 /* FeaturedViewController.h */,
				E79B9CAF1981986300CA0419 /* FeaturedViewController.m */,
				E79B9CB1198199CD00CA0419 /* PhotosViewController.h */,
				E79B9CB2198199CD00CA0419 /* PhotosViewController.m */,
			);
			name = TabViews;
			sourceTree = "<group>";
		};
		E79B9CB61981A51800CA0419 /* images */ = {
			isa = PBXGroup;
			children = (
				E79B9CB71981A61400CA0419 /* test1.png */,
			);
			name = images;
			sourceTree = "<group>";
		};
/* End PBXGroup section */

/* Begin PBXNativeTarget section */
		E79B9C681981969700CA0419 /* Braggy */ = {
			isa = PBXNativeTarget;
			buildConfigurationList = E79B9CA11981969700CA0419 /* Build configuration list for PBXNativeTarget "Braggy" */;
			buildPhases = (
				E79B9C651981969700CA0419 /* Sources */,
				E79B9C661981969700CA0419 /* Frameworks */,
				E79B9C671981969700CA0419 /* Resources */,
			);
			buildRules = (
			);
			dependencies = (
			);
			name = Braggy;
			productName = Braggy;
			productReference = E79B9C691981969700CA0419 /* Braggy.app */;
			productType = "com.apple.product-type.application";
		};
		E79B9C8F1981969700CA0419 /* BraggyTests */ = {
			isa = PBXNativeTarget;
			buildConfigurationList = E79B9CA41981969700CA0419 /* Build configuration list for PBXNativeTarget "BraggyTests" */;
			buildPhases = (
				E79B9C8C1981969700CA0419 /* Sources */,
				E79B9C8D1981969700CA0419 /* Frameworks */,
				E79B9C8E1981969700CA0419 /* Resources */,
			);
			buildRules = (
			);
			dependencies = (
				E79B9C961981969700CA0419 /* PBXTargetDependency */,
			);
			name = BraggyTests;
			productName = BraggyTests;
			productReference = E79B9C901981969700CA0419 /* BraggyTests.xctest */;
			productType = "com.apple.product-type.bundle.unit-test";
		};
/* End PBXNativeTarget section */

/* Begin PBXProject section */
		E79B9C611981969700CA0419 /* Project object */ = {
			isa = PBXProject;
			attributes = {
				LastUpgradeCheck = 0510;
				ORGANIZATIONNAME = "Tongbram, Robertis";
				TargetAttributes = {
					E79B9C8F1981969700CA0419 = {
						TestTargetID = E79B9C681981969700CA0419;
					};
				};
			};
			buildConfigurationList = E79B9C641981969700CA0419 /* Build configuration list for PBXProject "Braggy" */;
			compatibilityVersion = "Xcode 3.2";
			developmentRegion = English;
			hasScannedForEncodings = 0;
			knownRegions = (
				en,
				Base,
			);
			mainGroup = E79B9C601981969700CA0419;
			productRefGroup = E79B9C6A1981969700CA0419 /* Products */;
			projectDirPath = "";
			projectRoot = "";
			targets = (
				E79B9C681981969700CA0419 /* Braggy */,
				E79B9C8F1981969700CA0419 /* BraggyTests */,
			);
		};
/* End PBXProject section */

/* Begin PBXResourcesBuildPhase section */
		E79B9C671981969700CA0419 /* Resources */ = {
			isa = PBXResourcesBuildPhase;
			buildActionMask = 2147483647;
			files = (
				E79B9C831981969700CA0419 /* Main_iPad.storyboard in Resources */,
				E79B9C8B1981969700CA0419 /* Images.xcassets in Resources */,
				E79B9C801981969700CA0419 /* Main_iPhone.storyboard in Resources */,
				E79B9CB81981A61400CA0419 /* test1.png in Resources */,
				E79B9C771981969700CA0419 /* InfoPlist.strings in Resources */,
			);
			runOnlyForDeploymentPostprocessing = 0;
		};
		E79B9C8E1981969700CA0419 /* Resources */ = {
			isa = PBXResourcesBuildPhase;
			buildActionMask = 2147483647;
			files = (
				E79B9C9C1981969700CA0419 /* InfoPlist.strings in Resources */,
			);
			runOnlyForDeploymentPostprocessing = 0;
		};
/* End PBXResourcesBuildPhase section */

/* Begin PBXSourcesBuildPhase section */
		E79B9C651981969700CA0419 /* Sources */ = {
			isa = PBXSourcesBuildPhase;
			buildActionMask = 2147483647;
			files = (
				E79B9CAA198197FD00CA0419 /* RecentsViewController.m in Sources */,
				E79B9CAD1981981300CA0419 /* FavoritesViewController.m in Sources */,
				E79B9C7D1981969700CA0419 /* AppDelegate.m in Sources */,
				E79B9CB01981986300CA0419 /* FeaturedViewController.m in Sources */,
				E79B9CB3198199CD00CA0419 /* PhotosViewController.m in Sources */,
				E79B9C791981969700CA0419 /* main.m in Sources */,
			);
			runOnlyForDeploymentPostprocessing = 0;
		};
		E79B9C8C1981969700CA0419 /* Sources */ = {
			isa = PBXSourcesBuildPhase;
			buildActionMask = 2147483647;
			files = (
				E79B9C9E1981969700CA0419 /* BraggyTests.m in Sources */,
			);
			runOnlyForDeploymentPostprocessing = 0;
		};
/* End PBXSourcesBuildPhase section */

/* Begin PBXTargetDependency section */
		E79B9C961981969700CA0419 /* PBXTargetDependency */ = {
			isa = PBXTargetDependency;
			target = E79B9C681981969700CA0419 /* Braggy */;
			targetProxy = E79B9C951981969700CA0419 /* PBXContainerItemProxy */;
		};
/* End PBXTargetDependency section */

/* Begin PBXVariantGroup section */
		E79B9C751981969700CA0419 /* InfoPlist.strings */ = {
			isa = PBXVariantGroup;
			children = (
				E79B9C761981969700CA0419 /* en */,
			);
			name = InfoPlist.strings;
			sourceTree = "<group>";
		};
		E79B9C7E1981969700CA0419 /* Main_iPhone.storyboard */ = {
			isa = PBXVariantGroup;
			children = (
				E79B9C7F1981969700CA0419 /* Base */,
			);
			name = Main_iPhone.storyboard;
			sourceTree = "<group>";
		};
		E79B9C811981969700CA0419 /* Main_iPad.storyboard */ = {
			isa = PBXVariantGroup;
			children = (
				E79B9C821981969700CA0419 /* Base */,
			);
			name = Main_iPad.storyboard;
			sourceTree = "<group>";
		};
		E79B9C9A1981969700CA0419 /* InfoPlist.strings */ = {
			isa = PBXVariantGroup;
			children = (
				E79B9C9B1981969700CA0419 /* en */,
			);
			name = InfoPlist.strings;
			sourceTree = "<group>";
		};
/* End PBXVariantGroup section */

/* Begin XCBuildConfiguration section */
		E79B9C9F1981969700CA0419 /* Debug */ = {
			isa = XCBuildConfiguration;
			buildSettings = {
				ALWAYS_SEARCH_USER_PATHS = NO;
				CLANG_CXX_LANGUAGE_STANDARD = "gnu++0x";
				CLANG_CXX_LIBRARY = "libc++";
				CLANG_ENABLE_MODULES = YES;
				CLANG_ENABLE_OBJC_ARC = YES;
				CLANG_WARN_BOOL_CONVERSION = YES;
				CLANG_WARN_CONSTANT_CONVERSION = YES;
				CLANG_WARN_DIRECT_OBJC_ISA_USAGE = YES_ERROR;
				CLANG_WARN_EMPTY_BODY = YES;
				CLANG_WARN_ENUM_CONVERSION = YES;
				CLANG_WARN_INT_CONVERSION = YES;
				CLANG_WARN_OBJC_ROOT_CLASS = YES_ERROR;
				CLANG_WARN__DUPLICATE_METHOD_MATCH = YES;
				"CODE_SIGN_IDENTITY[sdk=iphoneos*]" = "iPhone Developer";
				COPY_PHASE_STRIP = NO;
				GCC_C_LANGUAGE_STANDARD = gnu99;
				GCC_DYNAMIC_NO_PIC = NO;
				GCC_OPTIMIZATION_LEVEL = 0;
				GCC_PREPROCESSOR_DEFINITIONS = (
					"DEBUG=1",
					"$(inherited)",
				);
				GCC_SYMBOLS_PRIVATE_EXTERN = NO;
				GCC_WARN_64_TO_32_BIT_CONVERSION = YES;
				GCC_WARN_ABOUT_RETURN_TYPE = YES_ERROR;
				GCC_WARN_UNDECLARED_SELECTOR = YES;
				GCC_WARN_UNINITIALIZED_AUTOS = YES_AGGRESSIVE;
				GCC_WARN_UNUSED_FUNCTION = YES;
				GCC_WARN_UNUSED_VARIABLE = YES;
				IPHONEOS_DEPLOYMENT_TARGET = 7.1;
				ONLY_ACTIVE_ARCH = YES;
				SDKROOT = iphoneos;
				TARGETED_DEVICE_FAMILY = "1,2";
			};
			name = Debug;
		};
		E79B9CA01981969700CA0419 /* Release */ = {
			isa = XCBuildConfiguration;
			buildSettings = {
				ALWAYS_SEARCH_USER_PATHS = NO;
				CLANG_CXX_LANGUAGE_STANDARD = "gnu++0x";
				CLANG_CXX_LIBRARY = "libc++";
				CLANG_ENABLE_MODULES = YES;
				CLANG_ENABLE_OBJC_ARC = YES;
				CLANG_WARN_BOOL_CONVERSION = YES;
				CLANG_WARN_CONSTANT_CONVERSION = YES;
				CLANG_WARN_DIRECT_OBJC_ISA_USAGE = YES_ERROR;
				CLANG_WARN_EMPTY_BODY = YES;
				CLANG_WARN_ENUM_CONVERSION = YES;
				CLANG_WARN_INT_CONVERSION = YES;
				CLANG_WARN_OBJC_ROOT_CLASS = YES_ERROR;
				CLANG_WARN__DUPLICATE_METHOD_MATCH = YES;
				"CODE_SIGN_IDENTITY[sdk=iphoneos*]" = "iPhone Developer";
				COPY_PHASE_STRIP = YES;
				ENABLE_NS_ASSERTIONS = NO;
				GCC_C_LANGUAGE_STANDARD = gnu99;
				GCC_WARN_64_TO_32_BIT_CONVERSION = YES;
				GCC_WARN_ABOUT_RETURN_TYPE = YES_ERROR;
				GCC_WARN_UNDECLARED_SELECTOR = YES;
				GCC_WARN_UNINITIALIZED_AUTOS = YES_AGGRESSIVE;
				GCC_WARN_UNUSED_FUNCTION = YES;
				GCC_WARN_UNUSED_VARIABLE = YES;
				IPHONEOS_DEPLOYMENT_TARGET = 7.1;
				SDKROOT = iphoneos;
				TARGETED_DEVICE_FAMILY = "1,2";
				VALIDATE_PRODUCT = YES;
			};
			name = Release;
		};
		E79B9CA21981969700CA0419 /* Debug */ = {
			isa = XCBuildConfiguration;
			buildSettings = {
				ASSETCATALOG_COMPILER_APPICON_NAME = AppIcon;
				ASSETCATALOG_COMPILER_LAUNCHIMAGE_NAME = LaunchImage;
				GCC_PRECOMPILE_PREFIX_HEADER = YES;
				GCC_PREFIX_HEADER = "Braggy/Braggy-Prefix.pch";
				INFOPLIST_FILE = "Braggy/Braggy-Info.plist";
				PRODUCT_NAME = "$(TARGET_NAME)";
				WRAPPER_EXTENSION = app;
			};
			name = Debug;
		};
		E79B9CA31981969700CA0419 /* Release */ = {
			isa = XCBuildConfiguration;
			buildSettings = {
				ASSETCATALOG_COMPILER_APPICON_NAME = AppIcon;
				ASSETCATALOG_COMPILER_LAUNCHIMAGE_NAME = LaunchImage;
				GCC_PRECOMPILE_PREFIX_HEADER = YES;
				GCC_PREFIX_HEADER = "Braggy/Braggy-Prefix.pch";
				INFOPLIST_FILE = "Braggy/Braggy-Info.plist";
				PRODUCT_NAME = "$(TARGET_NAME)";
				WRAPPER_EXTENSION = app;
			};
			name = Release;
		};
		E79B9CA51981969700CA0419 /* Debug */ = {
			isa = XCBuildConfiguration;
			buildSettings = {
				BUNDLE_LOADER = "$(BUILT_PRODUCTS_DIR)/Braggy.app/Braggy";
				FRAMEWORK_SEARCH_PATHS = (
					"$(SDKROOT)/Developer/Library/Frameworks",
					"$(inherited)",
					"$(DEVELOPER_FRAMEWORKS_DIR)",
				);
				GCC_PRECOMPILE_PREFIX_HEADER = YES;
				GCC_PREFIX_HEADER = "Braggy/Braggy-Prefix.pch";
				GCC_PREPROCESSOR_DEFINITIONS = (
					"DEBUG=1",
					"$(inherited)",
				);
				INFOPLIST_FILE = "BraggyTests/BraggyTests-Info.plist";
				PRODUCT_NAME = "$(TARGET_NAME)";
				TEST_HOST = "$(BUNDLE_LOADER)";
				WRAPPER_EXTENSION = xctest;
			};
			name = Debug;
		};
		E79B9CA61981969700CA0419 /* Release */ = {
			isa = XCBuildConfiguration;
			buildSettings = {
				BUNDLE_LOADER = "$(BUILT_PRODUCTS_DIR)/Braggy.app/Braggy";
				FRAMEWORK_SEARCH_PATHS = (
					"$(SDKROOT)/Developer/Library/Frameworks",
					"$(inherited)",
					"$(DEVELOPER_FRAMEWORKS_DIR)",
				);
				GCC_PRECOMPILE_PREFIX_HEADER = YES;
				GCC_PREFIX_HEADER = "Braggy/Braggy-Prefix.pch";
				INFOPLIST_FILE = "BraggyTests/BraggyTests-Info.plist";
				PRODUCT_NAME = "$(TARGET_NAME)";
				TEST_HOST = "$(BUNDLE_LOADER)";
				WRAPPER_EXTENSION = xctest;
			};
			name = Release;
		};
/* End XCBuildConfiguration section */

/* Begin XCConfigurationList section */
		E79B9C641981969700CA0419 /* Build configuration list for PBXProject "Braggy" */ = {
			isa = XCConfigurationList;
			buildConfigurations = (
				E79B9C9F1981969700CA0419 /* Debug */,
				E79B9CA01981969700CA0419 /* Release */,
			);
			defaultConfigurationIsVisible = 0;
			defaultConfigurationName = Release;
		};
		E79B9CA11981969700CA0419 /* Build configuration list for PBXNativeTarget "Braggy" */ = {
			isa = XCConfigurationList;
			buildConfigurations = (
				E79B9CA21981969700CA0419 /* Debug */,
				E79B9CA31981969700CA0419 /* Release */,
			);
			defaultConfigurationIsVisible = 0;
		};
		E79B9CA41981969700CA0419 /* Build configuration list for PBXNativeTarget "BraggyTests" */ = {
			isa = XCConfigurationList;
			buildConfigurations = (
				E79B9CA51981969700CA0419 /* Debug */,
				E79B9CA61981969700CA0419 /* Release */,
			);
			defaultConfigurationIsVisible = 0;
		};
/* End XCConfigurationList section */
	};
	rootObject = E79B9C611981969700CA0419 /* Project object */;
}
